
Microsoft Visual Studio Solution File, Format Version 12.00
# Visual Studio Version 16
VisualStudioVersion = 16.0.31605.320
MinimumVisualStudioVersion = 10.0.40219.1
Project("{9A19103F-16F7-4668-BE54-9A1E7A4F7556}") = "Eumel.Dj.Ui", "Eumel.Dj.Ui\Eumel.Dj.Ui.csproj", "{7BBAB4D9-B894-4DDF-8C53-94A52322EB9A}"
EndProject
Project("{2150E333-8FDC-42A3-9474-1A3956D46DE8}") = "Mobile", "Mobile", "{16641C50-00C5-4E1B-8EBE-C45A8CCD34F3}"
EndProject
Project("{9A19103F-16F7-4668-BE54-9A1E7A4F7556}") = "Eumel.Dj.WebServer", "Eumel.Dj.WebServer\Eumel.Dj.WebServer.csproj", "{DE27CD55-A207-4733-A15A-C868DAE46654}"
EndProject
Project("{FAE04EC0-301F-11D3-BF4B-00C04F79EFBC}") = "Eumel.Dj.Mobile.Android", "Eumel.Dj.Mobile.Android\Eumel.Dj.Mobile.Android.csproj", "{C3E68529-5CC5-414A-B146-5C64EA7EA6E3}"
EndProject
Project("{FAE04EC0-301F-11D3-BF4B-00C04F79EFBC}") = "Eumel.Dj.Mobile.iOS", "Eumel.Dj.Mobile.iOS\Eumel.Dj.Mobile.iOS.csproj", "{6247F375-73B5-449C-91D8-7C24095D708B}"
EndProject
Project("{FAE04EC0-301F-11D3-BF4B-00C04F79EFBC}") = "Eumel.Dj.Mobile.UWP", "Eumel.Dj.Mobile.UWP\Eumel.Dj.Mobile.UWP.csproj", "{6D27B0C4-C416-4596-B0B4-2FA9F3DB7166}"
EndProject
Project("{9A19103F-16F7-4668-BE54-9A1E7A4F7556}") = "Eumel.Dj.Mobile", "Eumel.Dj.Mobile\Eumel.Dj.Mobile.csproj", "{EAC4F5A2-F8A5-4765-B105-61D1E09073E7}"
EndProject
Project("{FAE04EC0-301F-11D3-BF4B-00C04F79EFBC}") = "Eumel.Dj.Core", "Eumel.Dj.Core\Eumel.Dj.Core.csproj", "{36CEC15B-A6B4-4459-B4C7-AA9AB881676F}"
EndProject
Global
	GlobalSection(SolutionConfigurationPlatforms) = preSolution
		Debug|Any CPU = Debug|Any CPU
		Debug|ARM = Debug|ARM
		Debug|iPhone = Debug|iPhone
		Debug|iPhoneSimulator = Debug|iPhoneSimulator
		Debug|x64 = Debug|x64
		Debug|x86 = Debug|x86
		Release|Any CPU = Release|Any CPU
		Release|ARM = Release|ARM
		Release|iPhone = Release|iPhone
		Release|iPhoneSimulator = Release|iPhoneSimulator
		Release|x64 = Release|x64
		Release|x86 = Release|x86
	EndGlobalSection
	GlobalSection(ProjectConfigurationPlatforms) = postSolution
		{7BBAB4D9-B894-4DDF-8C53-94A52322EB9A}.Debug|Any CPU.ActiveCfg = Debug|Any CPU
		{7BBAB4D9-B894-4DDF-8C53-94A52322EB9A}.Debug|Any CPU.Build.0 = Debug|Any CPU
		{7BBAB4D9-B894-4DDF-8C53-94A52322EB9A}.Debug|ARM.ActiveCfg = Debug|Any CPU
		{7BBAB4D9-B894-4DDF-8C53-94A52322EB9A}.Debug|ARM.Build.0 = Debug|Any CPU
		{7BBAB4D9-B894-4DDF-8C53-94A52322EB9A}.Debug|iPhone.ActiveCfg = Debug|Any CPU
		{7BBAB4D9-B894-4DDF-8C53-94A52322EB9A}.Debug|iPhone.Build.0 = Debug|Any CPU
		{7BBAB4D9-B894-4DDF-8C53-94A52322EB9A}.Debug|iPhoneSimulator.ActiveCfg = Debug|Any CPU
		{7BBAB4D9-B894-4DDF-8C53-94A52322EB9A}.Debug|iPhoneSimulator.Build.0 = Debug|Any CPU
		{7BBAB4D9-B894-4DDF-8C53-94A52322EB9A}.Debug|x64.ActiveCfg = Debug|Any CPU
		{7BBAB4D9-B894-4DDF-8C53-94A52322EB9A}.Debug|x64.Build.0 = Debug|Any CPU
		{7BBAB4D9-B894-4DDF-8C53-94A52322EB9A}.Debug|x86.ActiveCfg = Debug|Any CPU
		{7BBAB4D9-B894-4DDF-8C53-94A52322EB9A}.Debug|x86.Build.0 = Debug|Any CPU
		{7BBAB4D9-B894-4DDF-8C53-94A52322EB9A}.Release|Any CPU.ActiveCfg = Release|Any CPU
		{7BBAB4D9-B894-4DDF-8C53-94A52322EB9A}.Release|Any CPU.Build.0 = Release|Any CPU
		{7BBAB4D9-B894-4DDF-8C53-94A52322EB9A}.Release|ARM.ActiveCfg = Release|Any CPU
		{7BBAB4D9-B894-4DDF-8C53-94A52322EB9A}.Release|ARM.Build.0 = Release|Any CPU
		{7BBAB4D9-B894-4DDF-8C53-94A52322EB9A}.Release|iPhone.ActiveCfg = Release|Any CPU
		{7BBAB4D9-B894-4DDF-8C53-94A52322EB9A}.Release|iPhone.Build.0 = Release|Any CPU
		{7BBAB4D9-B894-4DDF-8C53-94A52322EB9A}.Release|iPhoneSimulator.ActiveCfg = Release|Any CPU
		{7BBAB4D9-B894-4DDF-8C53-94A52322EB9A}.Release|iPhoneSimulator.Build.0 = Release|Any CPU
		{7BBAB4D9-B894-4DDF-8C53-94A52322EB9A}.Release|x64.ActiveCfg = Release|Any CPU
		{7BBAB4D9-B894-4DDF-8C53-94A52322EB9A}.Release|x64.Build.0 = Release|Any CPU
		{7BBAB4D9-B894-4DDF-8C53-94A52322EB9A}.Release|x86.ActiveCfg = Release|Any CPU
		{7BBAB4D9-B894-4DDF-8C53-94A52322EB9A}.Release|x86.Build.0 = Release|Any CPU
		{DE27CD55-A207-4733-A15A-C868DAE46654}.Debug|Any CPU.ActiveCfg = Debug|Any CPU
		{DE27CD55-A207-4733-A15A-C868DAE46654}.Debug|Any CPU.Build.0 = Debug|Any CPU
		{DE27CD55-A207-4733-A15A-C868DAE46654}.Debug|ARM.ActiveCfg = Debug|Any CPU
		{DE27CD55-A207-4733-A15A-C868DAE46654}.Debug|ARM.Build.0 = Debug|Any CPU
		{DE27CD55-A207-4733-A15A-C868DAE46654}.Debug|iPhone.ActiveCfg = Debug|Any CPU
		{DE27CD55-A207-4733-A15A-C868DAE46654}.Debug|iPhone.Build.0 = Debug|Any CPU
		{DE27CD55-A207-4733-A15A-C868DAE46654}.Debug|iPhoneSimulator.ActiveCfg = Debug|Any CPU
		{DE27CD55-A207-4733-A15A-C868DAE46654}.Debug|iPhoneSimulator.Build.0 = Debug|Any CPU
		{DE27CD55-A207-4733-A15A-C868DAE46654}.Debug|x64.ActiveCfg = Debug|Any CPU
		{DE27CD55-A207-4733-A15A-C868DAE46654}.Debug|x64.Build.0 = Debug|Any CPU
		{DE27CD55-A207-4733-A15A-C868DAE46654}.Debug|x86.ActiveCfg = Debug|Any CPU
		{DE27CD55-A207-4733-A15A-C868DAE46654}.Debug|x86.Build.0 = Debug|Any CPU
		{DE27CD55-A207-4733-A15A-C868DAE46654}.Release|Any CPU.ActiveCfg = Release|Any CPU
		{DE27CD55-A207-4733-A15A-C868DAE46654}.Release|Any CPU.Build.0 = Release|Any CPU
		{DE27CD55-A207-4733-A15A-C868DAE46654}.Release|ARM.ActiveCfg = Release|Any CPU
		{DE27CD55-A207-4733-A15A-C868DAE46654}.Release|ARM.Build.0 = Release|Any CPU
		{DE27CD55-A207-4733-A15A-C868DAE46654}.Release|iPhone.ActiveCfg = Release|Any CPU
		{DE27CD55-A207-4733-A15A-C868DAE46654}.Release|iPhone.Build.0 = Release|Any CPU
		{DE27CD55-A207-4733-A15A-C868DAE46654}.Release|iPhoneSimulator.ActiveCfg = Release|Any CPU
		{DE27CD55-A207-4733-A15A-C868DAE46654}.Release|iPhoneSimulator.Build.0 = Release|Any CPU
		{DE27CD55-A207-4733-A15A-C868DAE46654}.Release|x64.ActiveCfg = Release|Any CPU
		{DE27CD55-A207-4733-A15A-C868DAE46654}.Release|x64.Build.0 = Release|Any CPU
		{DE27CD55-A207-4733-A15A-C868DAE46654}.Release|x86.ActiveCfg = Release|Any CPU
		{DE27CD55-A207-4733-A15A-C868DAE46654}.Release|x86.Build.0 = Release|Any CPU
		{C3E68529-5CC5-414A-B146-5C64EA7EA6E3}.Debug|Any CPU.ActiveCfg = Debug|Any CPU
		{C3E68529-5CC5-414A-B146-5C64EA7EA6E3}.Debug|Any CPU.Build.0 = Debug|Any CPU
		{C3E68529-5CC5-414A-B146-5C64EA7EA6E3}.Debug|Any CPU.Deploy.0 = Debug|Any CPU
		{C3E68529-5CC5-414A-B146-5C64EA7EA6E3}.Debug|ARM.ActiveCfg = Debug|Any CPU
		{C3E68529-5CC5-414A-B146-5C64EA7EA6E3}.Debug|ARM.Build.0 = Debug|Any CPU
		{C3E68529-5CC5-414A-B146-5C64EA7EA6E3}.Debug|ARM.Deploy.0 = Debug|Any CPU
		{C3E68529-5CC5-414A-B146-5C64EA7EA6E3}.Debug|iPhone.ActiveCfg = Debug|Any CPU
		{C3E68529-5CC5-414A-B146-5C64EA7EA6E3}.Debug|iPhone.Build.0 = Debug|Any CPU
		{C3E68529-5CC5-414A-B146-5C64EA7EA6E3}.Debug|iPhone.Deploy.0 = Debug|Any CPU
		{C3E68529-5CC5-414A-B146-5C64EA7EA6E3}.Debug|iPhoneSimulator.ActiveCfg = Debug|Any CPU
		{C3E68529-5CC5-414A-B146-5C64EA7EA6E3}.Debug|iPhoneSimulator.Build.0 = Debug|Any CPU
		{C3E68529-5CC5-414A-B146-5C64EA7EA6E3}.Debug|iPhoneSimulator.Deploy.0 = Debug|Any CPU
		{C3E68529-5CC5-414A-B146-5C64EA7EA6E3}.Debug|x64.ActiveCfg = Debug|Any CPU
		{C3E68529-5CC5-414A-B146-5C64EA7EA6E3}.Debug|x64.Build.0 = Debug|Any CPU
		{C3E68529-5CC5-414A-B146-5C64EA7EA6E3}.Debug|x64.Deploy.0 = Debug|Any CPU
		{C3E68529-5CC5-414A-B146-5C64EA7EA6E3}.Debug|x86.ActiveCfg = Debug|Any CPU
		{C3E68529-5CC5-414A-B146-5C64EA7EA6E3}.Debug|x86.Build.0 = Debug|Any CPU
		{C3E68529-5CC5-414A-B146-5C64EA7EA6E3}.Debug|x86.Deploy.0 = Debug|Any CPU
		{C3E68529-5CC5-414A-B146-5C64EA7EA6E3}.Release|Any CPU.ActiveCfg = Release|Any CPU
		{C3E68529-5CC5-414A-B146-5C64EA7EA6E3}.Release|Any CPU.Build.0 = Release|Any CPU
		{C3E68529-5CC5-414A-B146-5C64EA7EA6E3}.Release|Any CPU.Deploy.0 = Release|Any CPU
		{C3E68529-5CC5-414A-B146-5C64EA7EA6E3}.Release|ARM.ActiveCfg = Release|Any CPU
		{C3E68529-5CC5-414A-B146-5C64EA7EA6E3}.Release|ARM.Build.0 = Release|Any CPU
		{C3E68529-5CC5-414A-B146-5C64EA7EA6E3}.Release|ARM.Deploy.0 = Release|Any CPU
		{C3E68529-5CC5-414A-B146-5C64EA7EA6E3}.Release|iPhone.ActiveCfg = Release|Any CPU
		{C3E68529-5CC5-414A-B146-5C64EA7EA6E3}.Release|iPhone.Build.0 = Release|Any CPU
		{C3E68529-5CC5-414A-B146-5C64EA7EA6E3}.Release|iPhone.Deploy.0 = Release|Any CPU
		{C3E68529-5CC5-414A-B146-5C64EA7EA6E3}.Release|iPhoneSimulator.ActiveCfg = Release|Any CPU
		{C3E68529-5CC5-414A-B146-5C64EA7EA6E3}.Release|iPhoneSimulator.Build.0 = Release|Any CPU
		{C3E68529-5CC5-414A-B146-5C64EA7EA6E3}.Release|iPhoneSimulator.Deploy.0 = Release|Any CPU
		{C3E68529-5CC5-414A-B146-5C64EA7EA6E3}.Release|x64.ActiveCfg = Release|Any CPU
		{C3E68529-5CC5-414A-B146-5C64EA7EA6E3}.Release|x64.Build.0 = Release|Any CPU
		{C3E68529-5CC5-414A-B146-5C64EA7EA6E3}.Release|x64.Deploy.0 = Release|Any CPU
		{C3E68529-5CC5-414A-B146-5C64EA7EA6E3}.Release|x86.ActiveCfg = Release|Any CPU
		{C3E68529-5CC5-414A-B146-5C64EA7EA6E3}.Release|x86.Build.0 = Release|Any CPU
		{C3E68529-5CC5-414A-B146-5C64EA7EA6E3}.Release|x86.Deploy.0 = Release|Any CPU
		{6247F375-73B5-449C-91D8-7C24095D708B}.Debug|Any CPU.ActiveCfg = Debug|iPhoneSimulator
		{6247F375-73B5-449C-91D8-7C24095D708B}.Debug|ARM.ActiveCfg = Debug|iPhoneSimulator
		{6247F375-73B5-449C-91D8-7C24095D708B}.Debug|iPhone.ActiveCfg = Debug|iPhone
		{6247F375-73B5-449C-91D8-7C24095D708B}.Debug|iPhone.Build.0 = Debug|iPhone
		{6247F375-73B5-449C-91D8-7C24095D708B}.Debug|iPhoneSimulator.ActiveCfg = Debug|iPhoneSimulator
		{6247F375-73B5-449C-91D8-7C24095D708B}.Debug|iPhoneSimulator.Build.0 = Debug|iPhoneSimulator
		{6247F375-73B5-449C-91D8-7C24095D708B}.Debug|x64.ActiveCfg = Debug|iPhoneSimulator
		{6247F375-73B5-449C-91D8-7C24095D708B}.Debug|x86.ActiveCfg = Debug|iPhoneSimulator
		{6247F375-73B5-449C-91D8-7C24095D708B}.Release|Any CPU.ActiveCfg = Release|iPhoneSimulator
		{6247F375-73B5-449C-91D8-7C24095D708B}.Release|ARM.ActiveCfg = Release|iPhoneSimulator
		{6247F375-73B5-449C-91D8-7C24095D708B}.Release|iPhone.ActiveCfg = Release|iPhone
		{6247F375-73B5-449C-91D8-7C24095D708B}.Release|iPhone.Build.0 = Release|iPhone
		{6247F375-73B5-449C-91D8-7C24095D708B}.Release|iPhoneSimulator.ActiveCfg = Release|iPhoneSimulator
		{6247F375-73B5-449C-91D8-7C24095D708B}.Release|iPhoneSimulator.Build.0 = Release|iPhoneSimulator
		{6247F375-73B5-449C-91D8-7C24095D708B}.Release|x64.ActiveCfg = Release|iPhoneSimulator
		{6247F375-73B5-449C-91D8-7C24095D708B}.Release|x86.ActiveCfg = Release|iPhoneSimulator
		{6D27B0C4-C416-4596-B0B4-2FA9F3DB7166}.Debug|Any CPU.ActiveCfg = Debug|x86
		{6D27B0C4-C416-4596-B0B4-2FA9F3DB7166}.Debug|ARM.ActiveCfg = Debug|ARM
		{6D27B0C4-C416-4596-B0B4-2FA9F3DB7166}.Debug|ARM.Build.0 = Debug|ARM
		{6D27B0C4-C416-4596-B0B4-2FA9F3DB7166}.Debug|ARM.Deploy.0 = Debug|ARM
		{6D27B0C4-C416-4596-B0B4-2FA9F3DB7166}.Debug|iPhone.ActiveCfg = Debug|x86
		{6D27B0C4-C416-4596-B0B4-2FA9F3DB7166}.Debug|iPhoneSimulator.ActiveCfg = Debug|x86
		{6D27B0C4-C416-4596-B0B4-2FA9F3DB7166}.Debug|x64.ActiveCfg = Debug|x64
		{6D27B0C4-C416-4596-B0B4-2FA9F3DB7166}.Debug|x64.Build.0 = Debug|x64
		{6D27B0C4-C416-4596-B0B4-2FA9F3DB7166}.Debug|x64.Deploy.0 = Debug|x64
		{6D27B0C4-C416-4596-B0B4-2FA9F3DB7166}.Debug|x86.ActiveCfg = Debug|x86
		{6D27B0C4-C416-4596-B0B4-2FA9F3DB7166}.Debug|x86.Build.0 = Debug|x86
		{6D27B0C4-C416-4596-B0B4-2FA9F3DB7166}.Debug|x86.Deploy.0 = Debug|x86
		{6D27B0C4-C416-4596-B0B4-2FA9F3DB7166}.Release|Any CPU.ActiveCfg = Release|x86
		{6D27B0C4-C416-4596-B0B4-2FA9F3DB7166}.Release|ARM.ActiveCfg = Release|ARM
		{6D27B0C4-C416-4596-B0B4-2FA9F3DB7166}.Release|ARM.Build.0 = Release|ARM
		{6D27B0C4-C416-4596-B0B4-2FA9F3DB7166}.Release|ARM.Deploy.0 = Release|ARM
		{6D27B0C4-C416-4596-B0B4-2FA9F3DB7166}.Release|iPhone.ActiveCfg = Release|x86
		{6D27B0C4-C416-4596-B0B4-2FA9F3DB7166}.Release|iPhoneSimulator.ActiveCfg = Release|x86
		{6D27B0C4-C416-4596-B0B4-2FA9F3DB7166}.Release|x64.ActiveCfg = Release|x64
		{6D27B0C4-C416-4596-B0B4-2FA9F3DB7166}.Release|x64.Build.0 = Release|x64
		{6D27B0C4-C416-4596-B0B4-2FA9F3DB7166}.Release|x64.Deploy.0 = Release|x64
		{6D27B0C4-C416-4596-B0B4-2FA9F3DB7166}.Release|x86.ActiveCfg = Release|x86
		{6D27B0C4-C416-4596-B0B4-2FA9F3DB7166}.Release|x86.Build.0 = Release|x86
		{6D27B0C4-C416-4596-B0B4-2FA9F3DB7166}.Release|x86.Deploy.0 = Release|x86
		{EAC4F5A2-F8A5-4765-B105-61D1E09073E7}.Debug|Any CPU.ActiveCfg = Debug|Any CPU
		{EAC4F5A2-F8A5-4765-B105-61D1E09073E7}.Debug|Any CPU.Build.0 = Debug|Any CPU
		{EAC4F5A2-F8A5-4765-B105-61D1E09073E7}.Debug|ARM.ActiveCfg = Debug|Any CPU
		{EAC4F5A2-F8A5-4765-B105-61D1E09073E7}.Debug|ARM.Build.0 = Debug|Any CPU
		{EAC4F5A2-F8A5-4765-B105-61D1E09073E7}.Debug|iPhone.ActiveCfg = Debug|Any CPU
		{EAC4F5A2-F8A5-4765-B105-61D1E09073E7}.Debug|iPhone.Build.0 = Debug|Any CPU
		{EAC4F5A2-F8A5-4765-B105-61D1E09073E7}.Debug|iPhoneSimulator.ActiveCfg = Debug|Any CPU
		{EAC4F5A2-F8A5-4765-B105-61D1E09073E7}.Debug|iPhoneSimulator.Build.0 = Debug|Any CPU
		{EAC4F5A2-F8A5-4765-B105-61D1E09073E7}.Debug|x64.ActiveCfg = Debug|Any CPU
		{EAC4F5A2-F8A5-4765-B105-61D1E09073E7}.Debug|x64.Build.0 = Debug|Any CPU
		{EAC4F5A2-F8A5-4765-B105-61D1E09073E7}.Debug|x86.ActiveCfg = Debug|Any CPU
		{EAC4F5A2-F8A5-4765-B105-61D1E09073E7}.Debug|x86.Build.0 = Debug|Any CPU
		{EAC4F5A2-F8A5-4765-B105-61D1E09073E7}.Release|Any CPU.ActiveCfg = Release|Any CPU
		{EAC4F5A2-F8A5-4765-B105-61D1E09073E7}.Release|Any CPU.Build.0 = Release|Any CPU
		{EAC4F5A2-F8A5-4765-B105-61D1E09073E7}.Release|ARM.ActiveCfg = Release|Any CPU
		{EAC4F5A2-F8A5-4765-B105-61D1E09073E7}.Release|ARM.Build.0 = Release|Any CPU
		{EAC4F5A2-F8A5-4765-B105-61D1E09073E7}.Release|iPhone.ActiveCfg = Release|Any CPU
		{EAC4F5A2-F8A5-4765-B105-61D1E09073E7}.Release|iPhone.Build.0 = Release|Any CPU
		{EAC4F5A2-F8A5-4765-B105-61D1E09073E7}.Release|iPhoneSimulator.ActiveCfg = Release|Any CPU
		{EAC4F5A2-F8A5-4765-B105-61D1E09073E7}.Release|iPhoneSimulator.Build.0 = Release|Any CPU
		{EAC4F5A2-F8A5-4765-B105-61D1E09073E7}.Release|x64.ActiveCfg = Release|Any CPU
		{EAC4F5A2-F8A5-4765-B105-61D1E09073E7}.Release|x64.Build.0 = Release|Any CPU
		{EAC4F5A2-F8A5-4765-B105-61D1E09073E7}.Release|x86.ActiveCfg = Release|Any CPU
		{EAC4F5A2-F8A5-4765-B105-61D1E09073E7}.Release|x86.Build.0 = Release|Any CPU
		{36CEC15B-A6B4-4459-B4C7-AA9AB881676F}.Debug|Any CPU.ActiveCfg = Debug|Any CPU
		{36CEC15B-A6B4-4459-B4C7-AA9AB881676F}.Debug|Any CPU.Build.0 = Debug|Any CPU
		{36CEC15B-A6B4-4459-B4C7-AA9AB881676F}.Debug|ARM.ActiveCfg = Debug|Any CPU
		{36CEC15B-A6B4-4459-B4C7-AA9AB881676F}.Debug|ARM.Build.0 = Debug|Any CPU
		{36CEC15B-A6B4-4459-B4C7-AA9AB881676F}.Debug|iPhone.ActiveCfg = Debug|Any CPU
		{36CEC15B-A6B4-4459-B4C7-AA9AB881676F}.Debug|iPhone.Build.0 = Debug|Any CPU
		{36CEC15B-A6B4-4459-B4C7-AA9AB881676F}.Debug|iPhoneSimulator.ActiveCfg = Debug|Any CPU
		{36CEC15B-A6B4-4459-B4C7-AA9AB881676F}.Debug|iPhoneSimulator.Build.0 = Debug|Any CPU
		{36CEC15B-A6B4-4459-B4C7-AA9AB881676F}.Debug|x64.ActiveCfg = Debug|Any CPU
		{36CEC15B-A6B4-4459-B4C7-AA9AB881676F}.Debug|x64.Build.0 = Debug|Any CPU
		{36CEC15B-A6B4-4459-B4C7-AA9AB881676F}.Debug|x86.ActiveCfg = Debug|Any CPU
		{36CEC15B-A6B4-4459-B4C7-AA9AB881676F}.Debug|x86.Build.0 = Debug|Any CPU
		{36CEC15B-A6B4-4459-B4C7-AA9AB881676F}.Release|Any CPU.ActiveCfg = Release|Any CPU
		{36CEC15B-A6B4-4459-B4C7-AA9AB881676F}.Release|Any CPU.Build.0 = Release|Any CPU
		{36CEC15B-A6B4-4459-B4C7-AA9AB881676F}.Release|ARM.ActiveCfg = Release|Any CPU
		{36CEC15B-A6B4-4459-B4C7-AA9AB881676F}.Release|ARM.Build.0 = Release|Any CPU
		{36CEC15B-A6B4-4459-B4C7-AA9AB881676F}.Release|iPhone.ActiveCfg = Release|Any CPU
		{36CEC15B-A6B4-4459-B4C7-AA9AB881676F}.Release|iPhone.Build.0 = Release|Any CPU
		{36CEC15B-A6B4-4459-B4C7-AA9AB881676F}.Release|iPhoneSimulator.ActiveCfg = Release|Any CPU
		{36CEC15B-A6B4-4459-B4C7-AA9AB881676F}.Release|iPhoneSimulator.Build.0 = Release|Any CPU
		{36CEC15B-A6B4-4459-B4C7-AA9AB881676F}.Release|x64.ActiveCfg = Release|Any CPU
		{36CEC15B-A6B4-4459-B4C7-AA9AB881676F}.Release|x64.Build.0 = Release|Any CPU
		{36CEC15B-A6B4-4459-B4C7-AA9AB881676F}.Release|x86.ActiveCfg = Release|Any CPU
		{36CEC15B-A6B4-4459-B4C7-AA9AB881676F}.Release|x86.Build.0 = Release|Any CPU
	EndGlobalSection
	GlobalSection(SolutionProperties) = preSolution
		HideSolutionNode = FALSE
	EndGlobalSection
	GlobalSection(NestedProjects) = preSolution
		{C3E68529-5CC5-414A-B146-5C64EA7EA6E3} = {16641C50-00C5-4E1B-8EBE-C45A8CCD34F3}
		{6247F375-73B5-449C-91D8-7C24095D708B} = {16641C50-00C5-4E1B-8EBE-C45A8CCD34F3}
		{6D27B0C4-C416-4596-B0B4-2FA9F3DB7166} = {16641C50-00C5-4E1B-8EBE-C45A8CCD34F3}
	EndGlobalSection
	GlobalSection(ExtensibilityGlobals) = postSolution
		SolutionGuid = {A6C4D1F1-C7E7-4E2A-ADCD-36C065501EDB}
	EndGlobalSection
EndGlobal
